# THIS IS AN AUTOGENERATED FILE. DO NOT EDIT THIS FILE DIRECTLY.
# yarn lockfile v1


"chalk@^5.0.1":
  "integrity" "sha512-Fo07WOYGqMfCWHOzSXOt2CxDbC6skS/jO9ynEcmpANMoPrD+W1r1K6Vx7iNm+AQmETU1Xr2t+n8nzkV9t6xh3w=="
  "resolved" "https://registry.npmjs.org/chalk/-/chalk-5.0.1.tgz"
  "version" "5.0.1"

"graphql-yoga@^0.0.0":
  "integrity" "sha512-KqE9OHcOTkaEsYo0Rx0WCuaD0DT/QkaWtpuls0GPBBUP8YYHVZJ6oG/0ypTN2hR9LhMR37SeUON/Ixg3ucWWFA=="
  "resolved" "https://registry.npmjs.org/graphql-yoga/-/graphql-yoga-0.0.0.tgz"
  "version" "0.0.0"
